Microsoft Visual Studio Solution File, Format Version 12.00
# Visual Studio Version 17
VisualStudioVersion = 17.0.31903.59
MinimumVisualStudioVersion = 10.0.40219.1
Project("{349C5851-65DF-11DA-9384-00065B846F21}") = "PersonalAgendaSystem", "PersonalAgendaSystem\PersonalAgendaSystem.csproj", "{799E6378-5741-4E05-AB23-222F692189B4}"
EndProject
Global
	GlobalSection(SolutionConfigurationPlatforms) = preSolution
		Debug|Any CPU = Debug|Any CPU
		Release|Any CPU = Release|Any CPU
	EndGlobalSection
	GlobalSection(ProjectConfigurationPlatforms) = postSolution
		{799E6378-5741-4E05-AB23-222F692189B4}.Debug|Any CPU.ActiveCfg = Debug|Any CPU
		{799E6378-5741-4E05-AB23-222F692189B4}.Debug|Any CPU.Build.0 = Debug|Any CPU
		{799E6378-5741-4E05-AB23-222F692189B4}.Release|Any CPU.ActiveCfg = Release|Any CPU
		{799E6378-5741-4E05-AB23-222F692189B4}.Release|Any CPU.Build.0 = Release|Any CPU
	EndGlobalSection
	GlobalSection(SolutionProperties) = preSolution
		HideSolutionNode = FALSE
	EndGlobalSection
EndGlobal
